
Microsoft Visual Studio Solution File, Format Version 12.00
# Visual Studio Version 17
VisualStudioVersion = 17.12.35527.113 d17.12
MinimumVisualStudioVersion = 10.0.40219.1
Project("{FAE04EC0-301F-11D3-BF4B-00C04F79EFBC}") = "creating-an-array v8", "creating-an-array v8.csproj", "{418D0832-6BA6-473D-9302-6BB84157D7DF}"
EndProject
Global
	GlobalSection(SolutionConfigurationPlatforms) = preSolution
		Debug|Any CPU = Debug|Any CPU
		Release|Any CPU = Release|Any CPU
	EndGlobalSection
	GlobalSection(ProjectConfigurationPlatforms) = postSolution
		{418D0832-6BA6-473D-9302-6BB84157D7DF}.Debug|Any CPU.ActiveCfg = Debug|Any CPU
		{418D0832-6BA6-473D-9302-6BB84157D7DF}.Debug|Any CPU.Build.0 = Debug|Any CPU
		{418D0832-6BA6-473D-9302-6BB84157D7DF}.Release|Any CPU.ActiveCfg = Release|Any CPU
		{418D0832-6BA6-473D-9302-6BB84157D7DF}.Release|Any CPU.Build.0 = Release|Any CPU
	EndGlobalSection
	GlobalSection(SolutionProperties) = preSolution
		HideSolutionNode = FALSE
	EndGlobalSection
EndGlobal
