
Microsoft Visual Studio Solution File, Format Version 12.00
# Visual Studio Version 17
VisualStudioVersion = 17.12.35527.113 d17.12
MinimumVisualStudioVersion = 10.0.40219.1
Project("{FAE04EC0-301F-11D3-BF4B-00C04F79EFBC}") = "creating-an-array v10", "creating-an-array v10.csproj", "{14154C5E-6B1B-4741-9308-76C4BCA16B4E}"
EndProject
Global
	GlobalSection(SolutionConfigurationPlatforms) = preSolution
		Debug|Any CPU = Debug|Any CPU
		Release|Any CPU = Release|Any CPU
	EndGlobalSection
	GlobalSection(ProjectConfigurationPlatforms) = postSolution
		{14154C5E-6B1B-4741-9308-76C4BCA16B4E}.Debug|Any CPU.ActiveCfg = Debug|Any CPU
		{14154C5E-6B1B-4741-9308-76C4BCA16B4E}.Debug|Any CPU.Build.0 = Debug|Any CPU
		{14154C5E-6B1B-4741-9308-76C4BCA16B4E}.Release|Any CPU.ActiveCfg = Release|Any CPU
		{14154C5E-6B1B-4741-9308-76C4BCA16B4E}.Release|Any CPU.Build.0 = Release|Any CPU
	EndGlobalSection
	GlobalSection(SolutionProperties) = preSolution
		HideSolutionNode = FALSE
	EndGlobalSection
EndGlobal
